<?xml version="1.0" encoding="utf-8"?>
<Project ToolsVersion="4.0" xmlns="http://schemas.microsoft.com/developer/msbuild/2003">
  <ItemGroup>
    <ClCompile Include="source\Manager\SoundManager.cpp" />
    <ClCompile Include="source\OpenGL\Quad\Quad.cpp" />
    <ClCompile Include="source\OpenGL\Sprite\Sprite.cpp" />
    <ClCompile Include="source\OpenGL\TextRender\TextRendering.cpp" />
    <ClCompile Include="source\OpenGL\Texture2D\Texture2D.cpp" />
    <ClCompile Include="source\OpenGL\VertexBuffer2D\VertexBuffer2D.cpp" />
    <ClCompile Include="source\glad.cpp" />
    <ClCompile Include="include\pch.cpp" />
    <ClCompile Include="include\utill\stb_image.cpp" />
    <ClCompile Include="source\OpenGL\Window\MainWindow.cpp" />
    <ClCompile Include="source\OpenGL\Window\OpenGLWindow.cpp" />
    <ClCompile Include="source\main.cpp" />
    <ClCompile Include="source\Manager\ResourceManager.cpp" />
    <ClCompile Include="source\OpenGL\Model3D\Mesh.cpp" />
    <ClCompile Include="source\OpenGL\Model3D\Model3D.cpp" />
    <ClCompile Include="source\OpenGL\Camera\Camera.cpp" />
    <ClCompile Include="source\OpenGL\QuadTree\QuadTreeNode.cpp" />
    <ClCompile Include="source\OpenGL\Animation2D\Animation2D.cpp" />
    <ClCompile Include="source\Game\Event\Event.cpp" />
    <ClCompile Include="source\Game\Event\Dispatcher.cpp" />
    <ClCompile Include="source\Game\Event\DemoEvent.cpp" />
    <ClCompile Include="source\Game\Object\ObjectBase.cpp" />
    <ClCompile Include="source\Game\Object\Character\Character.cpp" />
    <ClCompile Include="source\Game\Scene\SceneBase.cpp" />
    <ClCompile Include="source\OpenGL\Line\Line.cpp" />
    <ClCompile Include="source\Game\Game.cpp" />
  </ItemGroup>
  <ItemGroup>
    <ClInclude Include="include\Manager\SoundManager.h" />
    <ClInclude Include="include\rc\shader_resource.h" />
    <ClInclude Include="include\rc\font_resource.h" />
    <ClInclude Include="include\OpenGL\Quad\Quad.h" />
    <ClInclude Include="include\OpenGL\Sprite\Sprite.h" />
    <ClInclude Include="include\OpenGL\TextRender\TextRendering.h" />
    <ClInclude Include="include\OpenGL\Texture2D\Texture2D.h" />
    <ClInclude Include="include\OpenGL\Transform2D\Transform2D.h" />
    <ClInclude Include="include\Macro\Transform2D_Macro.h" />
    <ClInclude Include="include\OpenGL\VertexBuffer2D\VertexBuffer2D.h" />
    <ClInclude Include="include\pch.h" />
    <ClInclude Include="include\utill\stb_image.h" />
    <ClInclude Include="include\Macro\delete_macro.h" />
    <ClInclude Include="include\OpenGL\Shader\Shader.h" />
    <ClInclude Include="include\utill\string_converter.h" />
    <ClInclude Include="include\OpenGL\Window\MainWindow.h" />
    <ClInclude Include="include\OpenGL\Window\OpenGLWindow.h" />
    <ClInclude Include="include\Manager\ResourceManager.h" />
    <ClInclude Include="include\OpenGL\Model3D\Mesh.h" />
    <ClInclude Include="include\OpenGL\Model3D\Model3D.h" />
    <ClInclude Include="include\OpenGL\Camera\Camera.h" />
    <ClInclude Include="include\OpenGL\QuadTree\QuadTreeNode.h" />
    <ClInclude Include="include\OpenGL\Animation2D\Animation2D.h" />
    <ClInclude Include="include\Game\Event\Event.h" />
    <ClInclude Include="include\Game\Event\Dispatcher.h" />
    <ClInclude Include="include\Game\Event\DemoEvent.h" />
    <ClInclude Include="include\Game\Object\ObjectBase.h" />
    <ClInclude Include="include\Game\Object\Character\Character.h" />
    <ClInclude Include="include\Game\Scene\SceneBase.h" />
    <ClInclude Include="include\OpenGL\Line\Line.h" />
    <ClInclude Include="include\Game\Game.h" />
  </ItemGroup>
  <ItemGroup>
    <None Include="Shader\normal_fs.bin" />
    <None Include="Shader\normal_vs.bin" />
    <None Include="Shader\textured_fs.bin" />
    <None Include="Shader\textured_vs.bin" />
    <None Include="Font\arial.bin" />
    <None Include="Shader\checkboard_fs.bin" />
    <None Include="Shader\checkboard_vs.bin" />
    <None Include="Shader\colored_fs.bin" />
    <None Include="Shader\colored_vs.bin" />
    <None Include="Shader\text_fs.bin" />
    <None Include="Shader\text_vs.bin" />
    <None Include="Shader\model_loading_fs.bin" />
    <None Include="Shader\model_loading_vs.bin" />
  </ItemGroup>
  <ItemGroup>
    <ResourceCompile Include="include\rc\ShaderResource.rc" />
    <ResourceCompile Include="include\rc\font_resource.rc" />
  </ItemGroup>
</Project>