<?xml version="1.0" encoding="utf-8"?>
<Project ToolsVersion="4.0" xmlns="http://schemas.microsoft.com/developer/msbuild/2003">
  <ItemGroup>
    <ClCompile Include="SoundManager.cpp" />
    <ClCompile Include="ResourceManager.cpp" />
    <ClCompile Include="Line.cpp" />
    <ClCompile Include="Quad.cpp" />
    <ClCompile Include="Sprite.cpp" />
    <ClCompile Include="TextRendering.cpp" />
    <ClCompile Include="Texture2D.cpp" />
    <ClCompile Include="VertexBuffer2D.cpp" />
    <ClCompile Include="glad.cpp" />
    <ClCompile Include="pch.cpp" />
    <ClCompile Include="stb_image.cpp" />
    <ClCompile Include="MainWindow.cpp" />
    <ClCompile Include="OpenGLWindow.cpp" />
    <ClCompile Include="main.cpp" />
  </ItemGroup>
  <ItemGroup>
    <ClInclude Include="SoundManager.h" />
    <ClInclude Include="shader_resource.h" />
    <ClInclude Include="font_resource.h" />
    <ClInclude Include="ResourceManager.h" />
    <ClInclude Include="Line.h" />
    <ClInclude Include="Quad.h" />
    <ClInclude Include="Sprite.h" />
    <ClInclude Include="TextRendering.h" />
    <ClInclude Include="Texture2D.h" />
    <ClInclude Include="Transform2D.h" />
    <ClInclude Include="Transform2D_Macro.h" />
    <ClInclude Include="VertexBuffer2D.h" />
    <ClInclude Include="pch.h" />
    <ClInclude Include="stb_image.h" />
    <ClInclude Include="delete_macro.h" />
    <ClInclude Include="Shader.h" />
    <ClInclude Include="string_converter.h" />
    <ClInclude Include="MainWindow.h" />
    <ClInclude Include="OpenGLWindow.h" />
  </ItemGroup>
  <ItemGroup>
    <None Include="Shader\checkboard_fs.bin" />
    <None Include="Shader\checkboard_vs.bin" />
    <None Include="Shader\colored_fs.bin" />
    <None Include="Shader\colored_vs.bin" />
    <None Include="Shader\normal_fs.bin" />
    <None Include="Shader\normal_vs.bin" />
    <None Include="Shader\text_fs.bin" />
    <None Include="Shader\text_vs.bin" />
    <None Include="Shader\textured_fs.bin" />
    <None Include="Shader\textured_vs.bin" />
    <None Include="Font\arial.bin" />
    <None Include="cpp.hint" />
  </ItemGroup>
  <ItemGroup>
    <ResourceCompile Include="ShaderResource.rc" />
    <ResourceCompile Include="font_resource.rc" />
  </ItemGroup>
</Project>